
Microsoft Visual Studio Solution File, Format Version 12.00
# Visual Studio Version 17
VisualStudioVersion = 17.5.33530.505
MinimumVisualStudioVersion = 10.0.40219.1
Project("{FAE04EC0-301F-11D3-BF4B-00C04F79EFBC}") = "Runner", "Runner.csproj", "{9096FD3C-C148-4399-ABFC-0221098391D4}"
EndProject
Global
	GlobalSection(SolutionConfigurationPlatforms) = preSolution
		Debug|Any CPU = Debug|Any CPU
		Release|Any CPU = Release|Any CPU
	EndGlobalSection
	GlobalSection(ProjectConfigurationPlatforms) = postSolution
		{9096FD3C-C148-4399-ABFC-0221098391D4}.Debug|Any CPU.ActiveCfg = Debug|Any CPU
		{9096FD3C-C148-4399-ABFC-0221098391D4}.Debug|Any CPU.Build.0 = Debug|Any CPU
		{9096FD3C-C148-4399-ABFC-0221098391D4}.Release|Any CPU.ActiveCfg = Release|Any CPU
		{9096FD3C-C148-4399-ABFC-0221098391D4}.Release|Any CPU.Build.0 = Release|Any CPU
	EndGlobalSection
	GlobalSection(SolutionProperties) = preSolution
		HideSolutionNode = FALSE
	EndGlobalSection
	GlobalSection(ExtensibilityGlobals) = postSolution
		SolutionGuid = {C8BB47EF-F784-4BDD-8AD3-1A21F0C54473}
	EndGlobalSection
EndGlobal
